github.com/yoonjeong-choi-dev/moloco-study/back-end/go-network-programming/part4-service-architecture/chapter14-serverless/feed v0.0.0-20230509160304-d42d87ef9383 h1:zCogaJLT0YjbZxWR0SlJ0H010Z6jOwHpp0y7+v8EfBM=
github.com/yoonjeong-choi-dev/moloco-study/back-end/go-network-programming/part4-service-architecture/chapter14-serverless/feed v0.0.0-20230509160304-d42d87ef9383/go.mod h1:un254XTqs/G69TVMSVjMRqO3RUlTv02AJRlJls1GK7Y=
