github.com/yoonjeong-choi-dev/moloco-study/back-end/go-network-programming/part4-service-architecture/chapter14-serverless/feed v0.0.0-20230505183231-f87b82a43ce8 h1:HTB1pAryAAKWE4M3HWFk81MI2DNmP7N9rvDqd8DAl2w=
github.com/yoonjeong-choi-dev/moloco-study/back-end/go-network-programming/part4-service-architecture/chapter14-serverless/feed v0.0.0-20230505183231-f87b82a43ce8/go.mod h1:un254XTqs/G69TVMSVjMRqO3RUlTv02AJRlJls1GK7Y=
